<?xml version="1.0" encoding="utf-8"?>
<Project ToolsVersion="4.0" xmlns="http://schemas.microsoft.com/developer/msbuild/2003">
  <ItemGroup>
    <Filter Include="源文件">
      <UniqueIdentifier>{4FC737F1-C7A5-4376-A066-2A32D752A2FF}</UniqueIdentifier>
      <Extensions>cpp;c;cc;cxx;def;odl;idl;hpj;bat;asm;asmx</Extensions>
    </Filter>
    <Filter Include="头文件">
      <UniqueIdentifier>{93995380-89BD-4b04-88EB-625FBE52EBFB}</UniqueIdentifier>
      <Extensions>h;hh;hpp;hxx;hm;inl;inc;ipp;xsd</Extensions>
    </Filter>
    <Filter Include="资源文件">
      <UniqueIdentifier>{67DA6AB6-F800-4c08-8B7A-83BB121AAD01}</UniqueIdentifier>
      <Extensions>rc;ico;cur;bmp;dlg;rc2;rct;bin;rgs;gif;jpg;jpeg;jpe;resx;tiff;tif;png;wav;mfcribbon-ms</Extensions>
    </Filter>
    <Filter Include="头文件\Allocator">
      <UniqueIdentifier>{e3f2451c-fa6c-4573-8bed-ee13ed2b837f}</UniqueIdentifier>
    </Filter>
    <Filter Include="头文件\Jobsystem">
      <UniqueIdentifier>{dcc2af01-1f8e-40d8-b563-a43d70ef9df4}</UniqueIdentifier>
    </Filter>
    <Filter Include="头文件\Render">
      <UniqueIdentifier>{acf789b8-61ba-40a2-8828-586a3def61f1}</UniqueIdentifier>
    </Filter>
    <Filter Include="头文件\World">
      <UniqueIdentifier>{a46adbaa-cc1f-4c93-acaf-db8878c17f8f}</UniqueIdentifier>
    </Filter>
    <Filter Include="头文件\Shader">
      <UniqueIdentifier>{f3800c55-d8a1-4f79-921f-83991706dbfd}</UniqueIdentifier>
    </Filter>
    <Filter Include="头文件\MISC">
      <UniqueIdentifier>{5dae1ad6-288d-464a-9c6d-4ff01b17a1f4}</UniqueIdentifier>
    </Filter>
    <Filter Include="头文件\Container">
      <UniqueIdentifier>{0b05e315-c3c2-4957-ac18-fdd3e419c282}</UniqueIdentifier>
    </Filter>
  </ItemGroup>
  <ItemGroup>
    <ClInclude Include="stdafx.h">
      <Filter>头文件</Filter>
    </ClInclude>
    <ClInclude Include="targetver.h">
      <Filter>头文件</Filter>
    </ClInclude>
    <ClInclude Include="Resource.h">
      <Filter>头文件</Filter>
    </ClInclude>
    <ClInclude Include="PhysicalReactor.h">
      <Filter>头文件</Filter>
    </ClInclude>
    <ClInclude Include="Allocator\Allocator.h">
      <Filter>头文件\Allocator</Filter>
    </ClInclude>
    <ClInclude Include="Allocator\AllocatorProxy.h">
      <Filter>头文件\Allocator</Filter>
    </ClInclude>
    <ClInclude Include="Allocator\BlockAllocator.h">
      <Filter>头文件\Allocator</Filter>
    </ClInclude>
    <ClInclude Include="Allocator\BlockAllocatorProxy.h">
      <Filter>头文件\Allocator</Filter>
    </ClInclude>
    <ClInclude Include="Allocator\DynamicLinearAllocator.h">
      <Filter>头文件\Allocator</Filter>
    </ClInclude>
    <ClInclude Include="Allocator\EndAllocator.h">
      <Filter>头文件\Allocator</Filter>
    </ClInclude>
    <ClInclude Include="Allocator\FixedLinearAllocator.h">
      <Filter>头文件\Allocator</Filter>
    </ClInclude>
    <ClInclude Include="Allocator\FreeListAllocator.h">
      <Filter>头文件\Allocator</Filter>
    </ClInclude>
    <ClInclude Include="Allocator\LinearAllocator.h">
      <Filter>头文件\Allocator</Filter>
    </ClInclude>
    <ClInclude Include="Allocator\ProxyAllocator.h">
      <Filter>头文件\Allocator</Filter>
    </ClInclude>
    <ClInclude Include="Allocator\ScopeStack.h">
      <Filter>头文件\Allocator</Filter>
    </ClInclude>
    <ClInclude Include="Allocator\SmallBlockAllocator.h">
      <Filter>头文件\Allocator</Filter>
    </ClInclude>
    <ClInclude Include="Allocator\MemoryUtil.h">
      <Filter>头文件\Allocator</Filter>
    </ClInclude>
    <ClInclude Include="JobSystem\Delegate.h">
      <Filter>头文件\Jobsystem</Filter>
    </ClInclude>
    <ClInclude Include="JobSystem\JobScheduler.h">
      <Filter>头文件\Jobsystem</Filter>
    </ClInclude>
    <ClInclude Include="JobSystem\Number.h">
      <Filter>头文件\Jobsystem</Filter>
    </ClInclude>
    <ClInclude Include="JobSystem\ParallelFor.h">
      <Filter>头文件\Jobsystem</Filter>
    </ClInclude>
    <ClInclude Include="JobSystem\Random.h">
      <Filter>头文件\Jobsystem</Filter>
    </ClInclude>
    <ClInclude Include="JobSystem\ThreadGroup.h">
      <Filter>头文件\Jobsystem</Filter>
    </ClInclude>
    <ClInclude Include="JobSystem\WorkStealingQueue.h">
      <Filter>头文件\Jobsystem</Filter>
    </ClInclude>
    <ClInclude Include="Render\GraphicsResource.h">
      <Filter>头文件\Render</Filter>
    </ClInclude>
    <ClInclude Include="Render\GraphicEnum.h">
      <Filter>头文件\Render</Filter>
    </ClInclude>
    <ClInclude Include="Render\GraphicsDescriptors.h">
      <Filter>头文件\Render</Filter>
    </ClInclude>
    <ClInclude Include="CommonInclude.h">
      <Filter>头文件</Filter>
    </ClInclude>
    <ClInclude Include="Render\RenderDevice.h">
      <Filter>头文件\Render</Filter>
    </ClInclude>
    <ClInclude Include="Render\RenderDevice_DX11.h">
      <Filter>头文件\Render</Filter>
    </ClInclude>
    <ClInclude Include="Render\ResourceMapping.h">
      <Filter>头文件\Render</Filter>
    </ClInclude>
    <ClInclude Include="Render\Renderer.h">
      <Filter>头文件\Render</Filter>
    </ClInclude>
    <ClInclude Include="World\RenderWorld.h">
      <Filter>头文件\World</Filter>
    </ClInclude>
    <ClInclude Include="Render\DrawKey.h">
      <Filter>头文件\Render</Filter>
    </ClInclude>
    <ClInclude Include="Render\StaticMesh.h">
      <Filter>头文件\Render</Filter>
    </ClInclude>
    <ClInclude Include="Render\Vertex.h">
      <Filter>头文件\Render</Filter>
    </ClInclude>
    <ClInclude Include="Render\Material.h">
      <Filter>头文件\Render</Filter>
    </ClInclude>
    <ClInclude Include="MISC\MiscHelper.h">
      <Filter>头文件\MISC</Filter>
    </ClInclude>
    <ClInclude Include="MISC\Intersectables.h">
      <Filter>头文件\MISC</Filter>
    </ClInclude>
    <ClInclude Include="MISC\Mathhelper.h">
      <Filter>头文件\MISC</Filter>
    </ClInclude>
    <ClInclude Include="World\GameWorld.h">
      <Filter>头文件\World</Filter>
    </ClInclude>
    <ClInclude Include="MISC\MeshLoad.h">
      <Filter>头文件\MISC</Filter>
    </ClInclude>
    <ClInclude Include="MISC\Frustum.h">
      <Filter>头文件\MISC</Filter>
    </ClInclude>
    <ClInclude Include="MISC\stb_image.h">
      <Filter>头文件\MISC</Filter>
    </ClInclude>
    <ClInclude Include="MISC\stb_image_write.h">
      <Filter>头文件\MISC</Filter>
    </ClInclude>
    <ClInclude Include="Container\vector.h">
      <Filter>头文件\Container</Filter>
    </ClInclude>
    <ClInclude Include="Container\GameType.h">
      <Filter>头文件\Container</Filter>
    </ClInclude>
    <ClInclude Include="Render\ShaderManager.h">
      <Filter>头文件\Render</Filter>
    </ClInclude>
    <ClInclude Include="MISC\json.hpp">
      <Filter>头文件\MISC</Filter>
    </ClInclude>
    <ClInclude Include="MISC\tinyxml2.h">
      <Filter>头文件\MISC</Filter>
    </ClInclude>
    <ClInclude Include="MISC\Timer.h">
      <Filter>头文件\MISC</Filter>
    </ClInclude>
    <ClInclude Include="Render\Renderable.h">
      <Filter>头文件\Render</Filter>
    </ClInclude>
    <ClInclude Include="Render\Camera.h">
      <Filter>头文件\Render</Filter>
    </ClInclude>
    <ClInclude Include="MISC\AssetManager.h">
      <Filter>头文件\MISC</Filter>
    </ClInclude>
    <ClInclude Include="Render\DirectionalLight.h">
      <Filter>头文件\Render</Filter>
    </ClInclude>
    <ClInclude Include="Render\Light.h">
      <Filter>头文件\Render</Filter>
    </ClInclude>
    <ClInclude Include="Render\PointLight.h">
      <Filter>头文件\Render</Filter>
    </ClInclude>
    <ClInclude Include="Render\Sky.h">
      <Filter>头文件\Render</Filter>
    </ClInclude>
    <ClInclude Include="Render\SkyLight.h">
      <Filter>头文件\Render</Filter>
    </ClInclude>
    <ClInclude Include="Render\SpotLight.h">
      <Filter>头文件\Render</Filter>
    </ClInclude>
    <ClInclude Include="MISC\DDSTextureLoader.h">
      <Filter>头文件\MISC</Filter>
    </ClInclude>
    <ClInclude Include="MISC\TextureLoader.h">
      <Filter>头文件\MISC</Filter>
    </ClInclude>
    <ClInclude Include="MISC\TextureManager.h">
      <Filter>头文件\MISC</Filter>
    </ClInclude>
    <ClInclude Include="World\Level.h">
      <Filter>头文件\World</Filter>
    </ClInclude>
  </ItemGroup>
  <ItemGroup>
    <ClCompile Include="stdafx.cpp">
      <Filter>源文件</Filter>
    </ClCompile>
    <ClCompile Include="PhysicalReactor.cpp">
      <Filter>源文件</Filter>
    </ClCompile>
    <ClCompile Include="Allocator\Allocator.cpp">
      <Filter>头文件\Allocator</Filter>
    </ClCompile>
    <ClCompile Include="Allocator\BlockAllocator.cpp">
      <Filter>头文件\Allocator</Filter>
    </ClCompile>
    <ClCompile Include="Allocator\BlockAllocatorProxy.cpp">
      <Filter>头文件\Allocator</Filter>
    </ClCompile>
    <ClCompile Include="Allocator\DynamicLinearAllocator.cpp">
      <Filter>头文件\Allocator</Filter>
    </ClCompile>
    <ClCompile Include="Allocator\EndAllocator.cpp">
      <Filter>头文件\Allocator</Filter>
    </ClCompile>
    <ClCompile Include="Allocator\FixedLinearAllocator.cpp">
      <Filter>头文件\Allocator</Filter>
    </ClCompile>
    <ClCompile Include="Allocator\FreeListAllocator.cpp">
      <Filter>头文件\Allocator</Filter>
    </ClCompile>
    <ClCompile Include="Allocator\LinearAllocator.cpp">
      <Filter>头文件\Allocator</Filter>
    </ClCompile>
    <ClCompile Include="Allocator\ProxyAllocator.cpp">
      <Filter>头文件\Allocator</Filter>
    </ClCompile>
    <ClCompile Include="Allocator\SmallBlockAllocator.cpp">
      <Filter>头文件\Allocator</Filter>
    </ClCompile>
    <ClCompile Include="JobSystem\JobScheduler.cpp">
      <Filter>头文件\Jobsystem</Filter>
    </ClCompile>
    <ClCompile Include="JobSystem\Number.cpp">
      <Filter>头文件\Jobsystem</Filter>
    </ClCompile>
    <ClCompile Include="JobSystem\ThreadGroup.cpp">
      <Filter>头文件\Jobsystem</Filter>
    </ClCompile>
    <ClCompile Include="Render\GraphicsResource.cpp">
      <Filter>头文件\Render</Filter>
    </ClCompile>
    <ClCompile Include="Render\RenderDevice.cpp">
      <Filter>头文件\Render</Filter>
    </ClCompile>
    <ClCompile Include="Render\RenderDevice_DX11.cpp">
      <Filter>头文件\Render</Filter>
    </ClCompile>
    <ClCompile Include="Render\Renderer.cpp">
      <Filter>头文件\Render</Filter>
    </ClCompile>
    <ClCompile Include="World\RenderWorld.cpp">
      <Filter>头文件\World</Filter>
    </ClCompile>
    <ClCompile Include="Render\StaticMesh.cpp">
      <Filter>头文件\Render</Filter>
    </ClCompile>
    <ClCompile Include="Render\Vertex.cpp">
      <Filter>头文件\Render</Filter>
    </ClCompile>
    <ClCompile Include="Render\Material.cpp">
      <Filter>头文件\Render</Filter>
    </ClCompile>
    <ClCompile Include="MISC\MiscHelper.cpp">
      <Filter>头文件\MISC</Filter>
    </ClCompile>
    <ClCompile Include="MISC\Intersectables.cpp">
      <Filter>头文件\MISC</Filter>
    </ClCompile>
    <ClCompile Include="MISC\MathHelper.cpp">
      <Filter>头文件\MISC</Filter>
    </ClCompile>
    <ClCompile Include="World\GameWorld.cpp">
      <Filter>头文件\World</Filter>
    </ClCompile>
    <ClCompile Include="MISC\MeshLoad.cpp">
      <Filter>头文件\MISC</Filter>
    </ClCompile>
    <ClCompile Include="MISC\Frustum.cpp">
      <Filter>头文件\MISC</Filter>
    </ClCompile>
    <ClCompile Include="Render\ShaderManager.cpp">
      <Filter>头文件\Render</Filter>
    </ClCompile>
    <ClCompile Include="MISC\tinyxml2.cpp">
      <Filter>头文件\MISC</Filter>
    </ClCompile>
    <ClCompile Include="MISC\Timer.cpp">
      <Filter>头文件\MISC</Filter>
    </ClCompile>
    <ClCompile Include="Render\Camera.cpp">
      <Filter>头文件\Render</Filter>
    </ClCompile>
    <ClCompile Include="MISC\AssetManager.cpp">
      <Filter>头文件\MISC</Filter>
    </ClCompile>
    <ClCompile Include="Render\DirectionalLight.cpp">
      <Filter>头文件\Render</Filter>
    </ClCompile>
    <ClCompile Include="Render\Light.cpp">
      <Filter>头文件\Render</Filter>
    </ClCompile>
    <ClCompile Include="Render\PointLight.cpp">
      <Filter>头文件\Render</Filter>
    </ClCompile>
    <ClCompile Include="Render\Sky.cpp">
      <Filter>头文件\Render</Filter>
    </ClCompile>
    <ClCompile Include="Render\SkyLight.cpp">
      <Filter>头文件\Render</Filter>
    </ClCompile>
    <ClCompile Include="Render\SpotLight.cpp">
      <Filter>头文件\Render</Filter>
    </ClCompile>
    <ClCompile Include="MISC\DDSTextureLoader.cpp">
      <Filter>头文件\MISC</Filter>
    </ClCompile>
    <ClCompile Include="MISC\TextureLoader.cpp">
      <Filter>头文件\MISC</Filter>
    </ClCompile>
    <ClCompile Include="MISC\TextureManager.cpp">
      <Filter>头文件\MISC</Filter>
    </ClCompile>
    <ClCompile Include="World\Level.cpp">
      <Filter>头文件\World</Filter>
    </ClCompile>
  </ItemGroup>
  <ItemGroup>
    <ResourceCompile Include="PhysicalReactor.rc">
      <Filter>资源文件</Filter>
    </ResourceCompile>
  </ItemGroup>
  <ItemGroup>
    <Image Include="small.ico">
      <Filter>资源文件</Filter>
    </Image>
    <Image Include="PhysicalReactor.ico">
      <Filter>资源文件</Filter>
    </Image>
  </ItemGroup>
  <ItemGroup>
    <FxCompile Include="ps.hlsl">
      <Filter>头文件\Shader</Filter>
    </FxCompile>
    <FxCompile Include="vs.hlsl">
      <Filter>头文件\Shader</Filter>
    </FxCompile>
    <FxCompile Include="SkyPS.hlsl">
      <Filter>头文件\Shader</Filter>
    </FxCompile>
    <FxCompile Include="SkyVS.hlsl">
      <Filter>头文件\Shader</Filter>
    </FxCompile>
    <FxCompile Include="DeferredBaseVS.hlsl">
      <Filter>头文件\Shader</Filter>
    </FxCompile>
    <FxCompile Include="equirect2cube.hlsl">
      <Filter>头文件\Shader</Filter>
    </FxCompile>
  </ItemGroup>
  <ItemGroup>
    <None Include="BRDF.hlsli">
      <Filter>头文件\Shader</Filter>
    </None>
    <None Include="Common.hlsli">
      <Filter>头文件\Shader</Filter>
    </None>
    <None Include="Mathematics.hlsli">
      <Filter>头文件\Shader</Filter>
    </None>
    <None Include="ImageBasedLighting.hlsli">
      <Filter>头文件\Shader</Filter>
    </None>
  </ItemGroup>
</Project>